
Microsoft Visual Studio Solution File, Format Version 12.00
# Visual Studio Version 16
VisualStudioVersion = 16.0.30804.86
MinimumVisualStudioVersion = 10.0.40219.1
Project("{FAE04EC0-301F-11D3-BF4B-00C04F79EFBC}") = "EntityFramework", "EntityFramework.csproj", "{12388EFE-FA0F-4FFB-86E8-E3E4B0A0B782}"
EndProject
Global
	GlobalSection(SolutionConfigurationPlatforms) = preSolution
		Debug|Any CPU = Debug|Any CPU
		Release|Any CPU = Release|Any CPU
	EndGlobalSection
	GlobalSection(ProjectConfigurationPlatforms) = postSolution
		{12388EFE-FA0F-4FFB-86E8-E3E4B0A0B782}.Debug|Any CPU.ActiveCfg = Debug|Any CPU
		{12388EFE-FA0F-4FFB-86E8-E3E4B0A0B782}.Debug|Any CPU.Build.0 = Debug|Any CPU
		{12388EFE-FA0F-4FFB-86E8-E3E4B0A0B782}.Release|Any CPU.ActiveCfg = Release|Any CPU
		{12388EFE-FA0F-4FFB-86E8-E3E4B0A0B782}.Release|Any CPU.Build.0 = Release|Any CPU
	EndGlobalSection
	GlobalSection(SolutionProperties) = preSolution
		HideSolutionNode = FALSE
	EndGlobalSection
	GlobalSection(ExtensibilityGlobals) = postSolution
		SolutionGuid = {12E63791-394F-4958-B980-D2F4D5FCEFD8}
	EndGlobalSection
EndGlobal
